
Microsoft Visual Studio Solution File, Format Version 12.00
# Visual Studio Version 17
VisualStudioVersion = 17.6.33815.320
MinimumVisualStudioVersion = 10.0.40219.1
Project("{FAE04EC0-301F-11D3-BF4B-00C04F79EFBC}") = "WritingYourOwn LINQ ExtensionMethod", "WritingYourOwn LINQ ExtensionMethod\WritingYourOwn LINQ ExtensionMethod.csproj", "{C8DC3128-4FAE-4E6B-81B5-7C02C7F316D2}"
EndProject
Global
	GlobalSection(SolutionConfigurationPlatforms) = preSolution
		Debug|Any CPU = Debug|Any CPU
		Release|Any CPU = Release|Any CPU
	EndGlobalSection
	GlobalSection(ProjectConfigurationPlatforms) = postSolution
		{C8DC3128-4FAE-4E6B-81B5-7C02C7F316D2}.Debug|Any CPU.ActiveCfg = Debug|Any CPU
		{C8DC3128-4FAE-4E6B-81B5-7C02C7F316D2}.Debug|Any CPU.Build.0 = Debug|Any CPU
		{C8DC3128-4FAE-4E6B-81B5-7C02C7F316D2}.Release|Any CPU.ActiveCfg = Release|Any CPU
		{C8DC3128-4FAE-4E6B-81B5-7C02C7F316D2}.Release|Any CPU.Build.0 = Release|Any CPU
	EndGlobalSection
	GlobalSection(SolutionProperties) = preSolution
		HideSolutionNode = FALSE
	EndGlobalSection
	GlobalSection(ExtensibilityGlobals) = postSolution
		SolutionGuid = {EE518B83-EF47-4118-A6D0-F7FFE22C5E04}
	EndGlobalSection
EndGlobal
